// !$*UTF8*$!
{
	archiveVersion = 1;
	classes = {
	};
	objectVersion = 48;
	objects = {

/* Begin PBXBuildFile section */
		2171279C1A7BC568C29C9A79 /* Pods_CurrencyConverterUITests.framework in Frameworks */ = {isa = PBXBuildFile; fileRef = AD34D13CE3291F1901D1F36D /* Pods_CurrencyConverterUITests.framework */; };
		268BD65A06A9E1674E83FA3C /* Pods_CurrencyConverterTests.framework in Frameworks */ = {isa = PBXBuildFile; fileRef = 9D967041A906EAFD2912DEC7 /* Pods_CurrencyConverterTests.framework */; };
		43C6A5391FA7DD5E0050A27A /* AppDelegate.swift in Sources */ = {isa = PBXBuildFile; fileRef = 43C6A5381FA7DD5E0050A27A /* AppDelegate.swift */; };
		43C6A53B1FA7DD5E0050A27A /* CalculatorViewController.swift in Sources */ = {isa = PBXBuildFile; fileRef = 43C6A53A1FA7DD5E0050A27A /* CalculatorViewController.swift */; };
		43C6A53E1FA7DD5E0050A27A /* Main.storyboard in Resources */ = {isa = PBXBuildFile; fileRef = 43C6A53C1FA7DD5E0050A27A /* Main.storyboard */; };
		43C6A5431FA7DD5E0050A27A /* Assets.xcassets in Resources */ = {isa = PBXBuildFile; fileRef = 43C6A5421FA7DD5E0050A27A /* Assets.xcassets */; };
		43C6A5461FA7DD5E0050A27A /* LaunchScreen.storyboard in Resources */ = {isa = PBXBuildFile; fileRef = 43C6A5441FA7DD5E0050A27A /* LaunchScreen.storyboard */; };
		43C6A5511FA7DD5E0050A27A /* CurrencyConverterTests.swift in Sources */ = {isa = PBXBuildFile; fileRef = 43C6A5501FA7DD5E0050A27A /* CurrencyConverterTests.swift */; };
		43C6A55C1FA7DD5E0050A27A /* CurrencyConverterUITests.swift in Sources */ = {isa = PBXBuildFile; fileRef = 43C6A55B1FA7DD5E0050A27A /* CurrencyConverterUITests.swift */; };
		D1E83A230F2788A0D409C1DB /* Pods_CurrencyConverter.framework in Frameworks */ = {isa = PBXBuildFile; fileRef = 1E5AB3DB079A5CCDFD03FD39 /* Pods_CurrencyConverter.framework */; };
		F110F3A11FB15B8300DCDD3B /* CurrencyViewController.swift in Sources */ = {isa = PBXBuildFile; fileRef = F110F3A01FB15B8300DCDD3B /* CurrencyViewController.swift */; };
		F1403D1E1FA93E1E004EB43A /* CoreDataStack.swift in Sources */ = {isa = PBXBuildFile; fileRef = F1403D191FA93E1D004EB43A /* CoreDataStack.swift */; };
		F1403D1F1FA93E1E004EB43A /* Currency.swift in Sources */ = {isa = PBXBuildFile; fileRef = F1403D1A1FA93E1D004EB43A /* Currency.swift */; };
		F14728A41FAAB21E0002C224 /* CurrencyModel.xcdatamodeld in Sources */ = {isa = PBXBuildFile; fileRef = F14728A21FAAB21D0002C224 /* CurrencyModel.xcdatamodeld */; };
		F1C2900A1FAD413B0081AC77 /* SeedData.json in Resources */ = {isa = PBXBuildFile; fileRef = F1C290091FAD413B0081AC77 /* SeedData.json */; };
/* End PBXBuildFile section */

/* Begin PBXContainerItemProxy section */
		43C6A54D1FA7DD5E0050A27A /* PBXContainerItemProxy */ = {
			isa = PBXContainerItemProxy;
			containerPortal = 43C6A52D1FA7DD5E0050A27A /* Project object */;
			proxyType = 1;
			remoteGlobalIDString = 43C6A5341FA7DD5E0050A27A;
			remoteInfo = CurrencyConverter;
		};
		43C6A5581FA7DD5E0050A27A /* PBXContainerItemProxy */ = {
			isa = PBXContainerItemProxy;
			containerPortal = 43C6A52D1FA7DD5E0050A27A /* Project object */;
			proxyType = 1;
			remoteGlobalIDString = 43C6A5341FA7DD5E0050A27A;
			remoteInfo = CurrencyConverter;
		};
/* End PBXContainerItemProxy section */

/* Begin PBXFileReference section */
		1C6CB28B342A91559789A12E /* Pods-CurrencyConverter.release.xcconfig */ = {isa = PBXFileReference; includeInIndex = 1; lastKnownFileType = text.xcconfig; name = "Pods-CurrencyConverter.release.xcconfig"; path = "Pods/Target Support Files/Pods-CurrencyConverter/Pods-CurrencyConverter.release.xcconfig"; sourceTree = "<group>"; };
		1E5AB3DB079A5CCDFD03FD39 /* Pods_CurrencyConverter.framework */ = {isa = PBXFileReference; explicitFileType = wrapper.framework; includeInIndex = 0; path = Pods_CurrencyConverter.framework; sourceTree = BUILT_PRODUCTS_DIR; };
		1E7B1FFA24B0E3E0065475E1 /* Pods-CurrencyConverterUITests.release.xcconfig */ = {isa = PBXFileReference; includeInIndex = 1; lastKnownFileType = text.xcconfig; name = "Pods-CurrencyConverterUITests.release.xcconfig"; path = "Pods/Target Support Files/Pods-CurrencyConverterUITests/Pods-CurrencyConverterUITests.release.xcconfig"; sourceTree = "<group>"; };
		43C6A5351FA7DD5E0050A27A /* CurrencyConverter.app */ = {isa = PBXFileReference; explicitFileType = wrapper.application; includeInIndex = 0; path = CurrencyConverter.app; sourceTree = BUILT_PRODUCTS_DIR; };
		43C6A5381FA7DD5E0050A27A /* AppDelegate.swift */ = {isa = PBXFileReference; lastKnownFileType = sourcecode.swift; path = AppDelegate.swift; sourceTree = "<group>"; };
		43C6A53A1FA7DD5E0050A27A /* CalculatorViewController.swift */ = {isa = PBXFileReference; lastKnownFileType = sourcecode.swift; path = CalculatorViewController.swift; sourceTree = "<group>"; };
		43C6A53D1FA7DD5E0050A27A /* Base */ = {isa = PBXFileReference; lastKnownFileType = file.storyboard; name = Base; path = Base.lproj/Main.storyboard; sourceTree = "<group>"; };
		43C6A5421FA7DD5E0050A27A /* Assets.xcassets */ = {isa = PBXFileReference; lastKnownFileType = folder.assetcatalog; path = Assets.xcassets; sourceTree = "<group>"; };
		43C6A5451FA7DD5E0050A27A /* Base */ = {isa = PBXFileReference; lastKnownFileType = file.storyboard; name = Base; path = Base.lproj/LaunchScreen.storyboard; sourceTree = "<group>"; };
		43C6A5471FA7DD5E0050A27A /* Info.plist */ = {isa = PBXFileReference; lastKnownFileType = text.plist.xml; path = Info.plist; sourceTree = "<group>"; };
		43C6A54C1FA7DD5E0050A27A /* CurrencyConverterTests.xctest */ = {isa = PBXFileReference; explicitFileType = wrapper.cfbundle; includeInIndex = 0; path = CurrencyConverterTests.xctest; sourceTree = BUILT_PRODUCTS_DIR; };
		43C6A5501FA7DD5E0050A27A /* CurrencyConverterTests.swift */ = {isa = PBXFileReference; lastKnownFileType = sourcecode.swift; path = CurrencyConverterTests.swift; sourceTree = "<group>"; };
		43C6A5521FA7DD5E0050A27A /* Info.plist */ = {isa = PBXFileReference; lastKnownFileType = text.plist.xml; path = Info.plist; sourceTree = "<group>"; };
		43C6A5571FA7DD5E0050A27A /* CurrencyConverterUITests.xctest */ = {isa = PBXFileReference; explicitFileType = wrapper.cfbundle; includeInIndex = 0; path = CurrencyConverterUITests.xctest; sourceTree = BUILT_PRODUCTS_DIR; };
		43C6A55B1FA7DD5E0050A27A /* CurrencyConverterUITests.swift */ = {isa = PBXFileReference; lastKnownFileType = sourcecode.swift; path = CurrencyConverterUITests.swift; sourceTree = "<group>"; };
		43C6A55D1FA7DD5E0050A27A /* Info.plist */ = {isa = PBXFileReference; lastKnownFileType = text.plist.xml; path = Info.plist; sourceTree = "<group>"; };
		4B806DC694B32B01581AC2E0 /* Pods-CurrencyConverterTests.release.xcconfig */ = {isa = PBXFileReference; includeInIndex = 1; lastKnownFileType = text.xcconfig; name = "Pods-CurrencyConverterTests.release.xcconfig"; path = "Pods/Target Support Files/Pods-CurrencyConverterTests/Pods-CurrencyConverterTests.release.xcconfig"; sourceTree = "<group>"; };
		4FFDF457B3D9B72785682443 /* Pods-CurrencyConverter.debug.xcconfig */ = {isa = PBXFileReference; includeInIndex = 1; lastKnownFileType = text.xcconfig; name = "Pods-CurrencyConverter.debug.xcconfig"; path = "Pods/Target Support Files/Pods-CurrencyConverter/Pods-CurrencyConverter.debug.xcconfig"; sourceTree = "<group>"; };
		592D1B37D98EB6759545E09E /* Pods-CurrencyConverterTests.debug.xcconfig */ = {isa = PBXFileReference; includeInIndex = 1; lastKnownFileType = text.xcconfig; name = "Pods-CurrencyConverterTests.debug.xcconfig"; path = "Pods/Target Support Files/Pods-CurrencyConverterTests/Pods-CurrencyConverterTests.debug.xcconfig"; sourceTree = "<group>"; };
		901EB73D9FE4105529C65631 /* Pods-CurrencyConverterUITests.debug.xcconfig */ = {isa = PBXFileReference; includeInIndex = 1; lastKnownFileType = text.xcconfig; name = "Pods-CurrencyConverterUITests.debug.xcconfig"; path = "Pods/Target Support Files/Pods-CurrencyConverterUITests/Pods-CurrencyConverterUITests.debug.xcconfig"; sourceTree = "<group>"; };
		9D967041A906EAFD2912DEC7 /* Pods_CurrencyConverterTests.framework */ = {isa = PBXFileReference; explicitFileType = wrapper.framework; includeInIndex = 0; path = Pods_CurrencyConverterTests.framework; sourceTree = BUILT_PRODUCTS_DIR; };
		AD34D13CE3291F1901D1F36D /* Pods_CurrencyConverterUITests.framework */ = {isa = PBXFileReference; explicitFileType = wrapper.framework; includeInIndex = 0; path = Pods_CurrencyConverterUITests.framework; sourceTree = BUILT_PRODUCTS_DIR; };
		F110F3A01FB15B8300DCDD3B /* CurrencyViewController.swift */ = {isa = PBXFileReference; lastKnownFileType = sourcecode.swift; path = CurrencyViewController.swift; sourceTree = "<group>"; };
		F1403D191FA93E1D004EB43A /* CoreDataStack.swift */ = {isa = PBXFileReference; fileEncoding = 4; lastKnownFileType = sourcecode.swift; path = CoreDataStack.swift; sourceTree = "<group>"; };
		F1403D1A1FA93E1D004EB43A /* Currency.swift */ = {isa = PBXFileReference; fileEncoding = 4; lastKnownFileType = sourcecode.swift; path = Currency.swift; sourceTree = "<group>"; };
		F14728A31FAAB21D0002C224 /* Rates.xcdatamodel */ = {isa = PBXFileReference; lastKnownFileType = wrapper.xcdatamodel; path = Rates.xcdatamodel; sourceTree = "<group>"; };
		F1C290091FAD413B0081AC77 /* SeedData.json */ = {isa = PBXFileReference; lastKnownFileType = text.json; path = SeedData.json; sourceTree = "<group>"; };
/* End PBXFileReference section */

/* Begin PBXFrameworksBuildPhase section */
		43C6A5321FA7DD5E0050A27A /* Frameworks */ = {
			isa = PBXFrameworksBuildPhase;
			buildActionMask = 2147483647;
			files = (
				D1E83A230F2788A0D409C1DB /* Pods_CurrencyConverter.framework in Frameworks */,
			);
			runOnlyForDeploymentPostprocessing = 0;
		};
		43C6A5491FA7DD5E0050A27A /* Frameworks */ = {
			isa = PBXFrameworksBuildPhase;
			buildActionMask = 2147483647;
			files = (
				268BD65A06A9E1674E83FA3C /* Pods_CurrencyConverterTests.framework in Frameworks */,
			);
			runOnlyForDeploymentPostprocessing = 0;
		};
		43C6A5541FA7DD5E0050A27A /* Frameworks */ = {
			isa = PBXFrameworksBuildPhase;
			buildActionMask = 2147483647;
			files = (
				2171279C1A7BC568C29C9A79 /* Pods_CurrencyConverterUITests.framework in Frameworks */,
			);
			runOnlyForDeploymentPostprocessing = 0;
		};
/* End PBXFrameworksBuildPhase section */

/* Begin PBXGroup section */
		43C6A52C1FA7DD5E0050A27A = {
			isa = PBXGroup;
			children = (
				43C6A5371FA7DD5E0050A27A /* CurrencyConverter */,
				43C6A54F1FA7DD5E0050A27A /* CurrencyConverterTests */,
				43C6A55A1FA7DD5E0050A27A /* CurrencyConverterUITests */,
				43C6A5361FA7DD5E0050A27A /* Products */,
				AD0083558F34D4C86492EB10 /* Pods */,
				6A2E82215B95A8E4BF4D9B03 /* Frameworks */,
			);
			sourceTree = "<group>";
		};
		43C6A5361FA7DD5E0050A27A /* Products */ = {
			isa = PBXGroup;
			children = (
				43C6A5351FA7DD5E0050A27A /* CurrencyConverter.app */,
				43C6A54C1FA7DD5E0050A27A /* CurrencyConverterTests.xctest */,
				43C6A5571FA7DD5E0050A27A /* CurrencyConverterUITests.xctest */,
			);
			name = Products;
			sourceTree = "<group>";
		};
		43C6A5371FA7DD5E0050A27A /* CurrencyConverter */ = {
			isa = PBXGroup;
			children = (
				F1403D241FA93E3C004EB43A /* Controllers */,
				F1403D231FA93E36004EB43A /* Views */,
				F1403D221FA93E23004EB43A /* Models */,
				43C6A5381FA7DD5E0050A27A /* AppDelegate.swift */,
				F1403D191FA93E1D004EB43A /* CoreDataStack.swift */,
				43C6A5471FA7DD5E0050A27A /* Info.plist */,
				F14728A21FAAB21D0002C224 /* CurrencyModel.xcdatamodeld */,
			);
			path = CurrencyConverter;
			sourceTree = "<group>";
		};
		43C6A54F1FA7DD5E0050A27A /* CurrencyConverterTests */ = {
			isa = PBXGroup;
			children = (
				43C6A5501FA7DD5E0050A27A /* CurrencyConverterTests.swift */,
				43C6A5521FA7DD5E0050A27A /* Info.plist */,
			);
			path = CurrencyConverterTests;
			sourceTree = "<group>";
		};
		43C6A55A1FA7DD5E0050A27A /* CurrencyConverterUITests */ = {
			isa = PBXGroup;
			children = (
				43C6A55B1FA7DD5E0050A27A /* CurrencyConverterUITests.swift */,
				43C6A55D1FA7DD5E0050A27A /* Info.plist */,
			);
			path = CurrencyConverterUITests;
			sourceTree = "<group>";
		};
		6A2E82215B95A8E4BF4D9B03 /* Frameworks */ = {
			isa = PBXGroup;
			children = (
				1E5AB3DB079A5CCDFD03FD39 /* Pods_CurrencyConverter.framework */,
				9D967041A906EAFD2912DEC7 /* Pods_CurrencyConverterTests.framework */,
				AD34D13CE3291F1901D1F36D /* Pods_CurrencyConverterUITests.framework */,
			);
			name = Frameworks;
			sourceTree = "<group>";
		};
		AD0083558F34D4C86492EB10 /* Pods */ = {
			isa = PBXGroup;
			children = (
				4FFDF457B3D9B72785682443 /* Pods-CurrencyConverter.debug.xcconfig */,
				1C6CB28B342A91559789A12E /* Pods-CurrencyConverter.release.xcconfig */,
				592D1B37D98EB6759545E09E /* Pods-CurrencyConverterTests.debug.xcconfig */,
				4B806DC694B32B01581AC2E0 /* Pods-CurrencyConverterTests.release.xcconfig */,
				901EB73D9FE4105529C65631 /* Pods-CurrencyConverterUITests.debug.xcconfig */,
				1E7B1FFA24B0E3E0065475E1 /* Pods-CurrencyConverterUITests.release.xcconfig */,
			);
			name = Pods;
			sourceTree = "<group>";
		};
		F1403D221FA93E23004EB43A /* Models */ = {
			isa = PBXGroup;
			children = (
				F1403D1A1FA93E1D004EB43A /* Currency.swift */,
				F1C290091FAD413B0081AC77 /* SeedData.json */,
			);
			path = Models;
			sourceTree = "<group>";
		};
		F1403D231FA93E36004EB43A /* Views */ = {
			isa = PBXGroup;
			children = (
				43C6A5421FA7DD5E0050A27A /* Assets.xcassets */,
				43C6A53C1FA7DD5E0050A27A /* Main.storyboard */,
				43C6A5441FA7DD5E0050A27A /* LaunchScreen.storyboard */,
			);
			path = Views;
			sourceTree = "<group>";
		};
		F1403D241FA93E3C004EB43A /* Controllers */ = {
			isa = PBXGroup;
			children = (
				43C6A53A1FA7DD5E0050A27A /* CalculatorViewController.swift */,
				F110F3A01FB15B8300DCDD3B /* CurrencyViewController.swift */,
			);
			path = Controllers;
			sourceTree = "<group>";
		};
/* End PBXGroup section */

/* Begin PBXNativeTarget section */
		43C6A5341FA7DD5E0050A27A /* CurrencyConverter */ = {
			isa = PBXNativeTarget;
			buildConfigurationList = 43C6A5601FA7DD5E0050A27A /* Build configuration list for PBXNativeTarget "CurrencyConverter" */;
			buildPhases = (
				D87923A32B3D1AC103B3ED78 /* [CP] Check Pods Manifest.lock */,
				43C6A5311FA7DD5E0050A27A /* Sources */,
				43C6A5321FA7DD5E0050A27A /* Frameworks */,
				43C6A5331FA7DD5E0050A27A /* Resources */,
				BC2572E471A2141EF17E6947 /* [CP] Embed Pods Frameworks */,
				37937155F8A7B62BCF7A1040 /* [CP] Copy Pods Resources */,
			);
			buildRules = (
			);
			dependencies = (
			);
			name = CurrencyConverter;
			productName = CurrencyConverter;
			productReference = 43C6A5351FA7DD5E0050A27A /* CurrencyConverter.app */;
			productType = "com.apple.product-type.application";
		};
		43C6A54B1FA7DD5E0050A27A /* CurrencyConverterTests */ = {
			isa = PBXNativeTarget;
			buildConfigurationList = 43C6A5631FA7DD5E0050A27A /* Build configuration list for PBXNativeTarget "CurrencyConverterTests" */;
			buildPhases = (
				9E9F1F209060BC3C481206F3 /* [CP] Check Pods Manifest.lock */,
				43C6A5481FA7DD5E0050A27A /* Sources */,
				43C6A5491FA7DD5E0050A27A /* Frameworks */,
				43C6A54A1FA7DD5E0050A27A /* Resources */,
				997921587787183BE92C2A6E /* [CP] Embed Pods Frameworks */,
				29955CC05F8764C4B6C41AF3 /* [CP] Copy Pods Resources */,
			);
			buildRules = (
			);
			dependencies = (
				43C6A54E1FA7DD5E0050A27A /* PBXTargetDependency */,
			);
			name = CurrencyConverterTests;
			productName = CurrencyConverterTests;
			productReference = 43C6A54C1FA7DD5E0050A27A /* CurrencyConverterTests.xctest */;
			productType = "com.apple.product-type.bundle.unit-test";
		};
		43C6A5561FA7DD5E0050A27A /* CurrencyConverterUITests */ = {
			isa = PBXNativeTarget;
			buildConfigurationList = 43C6A5661FA7DD5E0050A27A /* Build configuration list for PBXNativeTarget "CurrencyConverterUITests" */;
			buildPhases = (
				1598F6F3BAFBE4281DE25891 /* [CP] Check Pods Manifest.lock */,
				43C6A5531FA7DD5E0050A27A /* Sources */,
				43C6A5541FA7DD5E0050A27A /* Frameworks */,
				43C6A5551FA7DD5E0050A27A /* Resources */,
				C2DE95E02560B49D56FCA30F /* [CP] Embed Pods Frameworks */,
				250F1462B7EB6B229E5E12E6 /* [CP] Copy Pods Resources */,
			);
			buildRules = (
			);
			dependencies = (
				43C6A5591FA7DD5E0050A27A /* PBXTargetDependency */,
			);
			name = CurrencyConverterUITests;
			productName = CurrencyConverterUITests;
			productReference = 43C6A5571FA7DD5E0050A27A /* CurrencyConverterUITests.xctest */;
			productType = "com.apple.product-type.bundle.ui-testing";
		};
/* End PBXNativeTarget section */

/* Begin PBXProject section */
		43C6A52D1FA7DD5E0050A27A /* Project object */ = {
			isa = PBXProject;
			attributes = {
				LastSwiftUpdateCheck = 0900;
				LastUpgradeCheck = 0900;
				ORGANIZATIONNAME = "Chunkai Meng";
				TargetAttributes = {
					43C6A5341FA7DD5E0050A27A = {
						CreatedOnToolsVersion = 9.0.1;
						ProvisioningStyle = Manual;
					};
					43C6A54B1FA7DD5E0050A27A = {
						CreatedOnToolsVersion = 9.0.1;
						ProvisioningStyle = Automatic;
						TestTargetID = 43C6A5341FA7DD5E0050A27A;
					};
					43C6A5561FA7DD5E0050A27A = {
						CreatedOnToolsVersion = 9.0.1;
						ProvisioningStyle = Automatic;
						TestTargetID = 43C6A5341FA7DD5E0050A27A;
					};
				};
			};
			buildConfigurationList = 43C6A5301FA7DD5E0050A27A /* Build configuration list for PBXProject "CurrencyConverter" */;
			compatibilityVersion = "Xcode 8.0";
			developmentRegion = en;
			hasScannedForEncodings = 0;
			knownRegions = (
				en,
				Base,
			);
			mainGroup = 43C6A52C1FA7DD5E0050A27A;
			productRefGroup = 43C6A5361FA7DD5E0050A27A /* Products */;
			projectDirPath = "";
			projectRoot = "";
			targets = (
				43C6A5341FA7DD5E0050A27A /* CurrencyConverter */,
				43C6A54B1FA7DD5E0050A27A /* CurrencyConverterTests */,
				43C6A5561FA7DD5E0050A27A /* CurrencyConverterUITests */,
			);
		};
/* End PBXProject section */

/* Begin PBXResourcesBuildPhase section */
		43C6A5331FA7DD5E0050A27A /* Resources */ = {
			isa = PBXResourcesBuildPhase;
			buildActionMask = 2147483647;
			files = (
				43C6A5461FA7DD5E0050A27A /* LaunchScreen.storyboard in Resources */,
				F1C2900A1FAD413B0081AC77 /* SeedData.json in Resources */,
				43C6A5431FA7DD5E0050A27A /* Assets.xcassets in Resources */,
				43C6A53E1FA7DD5E0050A27A /* Main.storyboard in Resources */,
			);
			runOnlyForDeploymentPostprocessing = 0;
		};
		43C6A54A1FA7DD5E0050A27A /* Resources */ = {
			isa = PBXResourcesBuildPhase;
			buildActionMask = 2147483647;
			files = (
			);
			runOnlyForDeploymentPostprocessing = 0;
		};
		43C6A5551FA7DD5E0050A27A /* Resources */ = {
			isa = PBXResourcesBuildPhase;
			buildActionMask = 2147483647;
			files = (
			);
			runOnlyForDeploymentPostprocessing = 0;
		};
/* End PBXResourcesBuildPhase section */

/* Begin PBXShellScriptBuildPhase section */
		1598F6F3BAFBE4281DE25891 /* [CP] Check Pods Manifest.lock */ = {
			isa = PBXShellScriptBuildPhase;
			buildActionMask = 2147483647;
			files = (
			);
			inputPaths = (
				"${PODS_PODFILE_DIR_PATH}/Podfile.lock",
				"${PODS_ROOT}/Manifest.lock",
			);
			name = "[CP] Check Pods Manifest.lock";
			outputPaths = (
				"$(DERIVED_FILE_DIR)/Pods-CurrencyConverterUITests-checkManifestLockResult.txt",
			);
			runOnlyForDeploymentPostprocessing = 0;
			shellPath = /bin/sh;
			shellScript = "diff \"${PODS_PODFILE_DIR_PATH}/Podfile.lock\" \"${PODS_ROOT}/Manifest.lock\" > /dev/null\nif [ $? != 0 ] ; then\n    # print error to STDERR\n    echo \"error: The sandbox is not in sync with the Podfile.lock. Run 'pod install' or update your CocoaPods installation.\" >&2\n    exit 1\nfi\n# This output is used by Xcode 'outputs' to avoid re-running this script phase.\necho \"SUCCESS\" > \"${SCRIPT_OUTPUT_FILE_0}\"\n";
			showEnvVarsInLog = 0;
		};
		250F1462B7EB6B229E5E12E6 /* [CP] Copy Pods Resources */ = {
			isa = PBXShellScriptBuildPhase;
			buildActionMask = 2147483647;
			files = (
			);
			inputPaths = (
			);
			name = "[CP] Copy Pods Resources";
			outputPaths = (
			);
			runOnlyForDeploymentPostprocessing = 0;
			shellPath = /bin/sh;
			shellScript = "\"${SRCROOT}/Pods/Target Support Files/Pods-CurrencyConverterUITests/Pods-CurrencyConverterUITests-resources.sh\"\n";
			showEnvVarsInLog = 0;
		};
		29955CC05F8764C4B6C41AF3 /* [CP] Copy Pods Resources */ = {
			isa = PBXShellScriptBuildPhase;
			buildActionMask = 2147483647;
			files = (
			);
			inputPaths = (
			);
			name = "[CP] Copy Pods Resources";
			outputPaths = (
			);
			runOnlyForDeploymentPostprocessing = 0;
			shellPath = /bin/sh;
			shellScript = "\"${SRCROOT}/Pods/Target Support Files/Pods-CurrencyConverterTests/Pods-CurrencyConverterTests-resources.sh\"\n";
			showEnvVarsInLog = 0;
		};
		37937155F8A7B62BCF7A1040 /* [CP] Copy Pods Resources */ = {
			isa = PBXShellScriptBuildPhase;
			buildActionMask = 2147483647;
			files = (
			);
			inputPaths = (
			);
			name = "[CP] Copy Pods Resources";
			outputPaths = (
			);
			runOnlyForDeploymentPostprocessing = 0;
			shellPath = /bin/sh;
			shellScript = "\"${SRCROOT}/Pods/Target Support Files/Pods-CurrencyConverter/Pods-CurrencyConverter-resources.sh\"\n";
			showEnvVarsInLog = 0;
		};
		997921587787183BE92C2A6E /* [CP] Embed Pods Frameworks */ = {
			isa = PBXShellScriptBuildPhase;
			buildActionMask = 2147483647;
			files = (
			);
			inputPaths = (
			);
			name = "[CP] Embed Pods Frameworks";
			outputPaths = (
			);
			runOnlyForDeploymentPostprocessing = 0;
			shellPath = /bin/sh;
			shellScript = "\"${SRCROOT}/Pods/Target Support Files/Pods-CurrencyConverterTests/Pods-CurrencyConverterTests-frameworks.sh\"\n";
			showEnvVarsInLog = 0;
		};
		9E9F1F209060BC3C481206F3 /* [CP] Check Pods Manifest.lock */ = {
			isa = PBXShellScriptBuildPhase;
			buildActionMask = 2147483647;
			files = (
			);
			inputPaths = (
				"${PODS_PODFILE_DIR_PATH}/Podfile.lock",
				"${PODS_ROOT}/Manifest.lock",
			);
			name = "[CP] Check Pods Manifest.lock";
			outputPaths = (
				"$(DERIVED_FILE_DIR)/Pods-CurrencyConverterTests-checkManifestLockResult.txt",
			);
			runOnlyForDeploymentPostprocessing = 0;
			shellPath = /bin/sh;
			shellScript = "diff \"${PODS_PODFILE_DIR_PATH}/Podfile.lock\" \"${PODS_ROOT}/Manifest.lock\" > /dev/null\nif [ $? != 0 ] ; then\n    # print error to STDERR\n    echo \"error: The sandbox is not in sync with the Podfile.lock. Run 'pod install' or update your CocoaPods installation.\" >&2\n    exit 1\nfi\n# This output is used by Xcode 'outputs' to avoid re-running this script phase.\necho \"SUCCESS\" > \"${SCRIPT_OUTPUT_FILE_0}\"\n";
			showEnvVarsInLog = 0;
		};
		BC2572E471A2141EF17E6947 /* [CP] Embed Pods Frameworks */ = {
			isa = PBXShellScriptBuildPhase;
			buildActionMask = 2147483647;
			files = (
			);
			inputPaths = (
			);
			name = "[CP] Embed Pods Frameworks";
			outputPaths = (
			);
			runOnlyForDeploymentPostprocessing = 0;
			shellPath = /bin/sh;
			shellScript = "\"${SRCROOT}/Pods/Target Support Files/Pods-CurrencyConverter/Pods-CurrencyConverter-frameworks.sh\"\n";
			showEnvVarsInLog = 0;
		};
		C2DE95E02560B49D56FCA30F /* [CP] Embed Pods Frameworks */ = {
			isa = PBXShellScriptBuildPhase;
			buildActionMask = 2147483647;
			files = (
			);
			inputPaths = (
			);
			name = "[CP] Embed Pods Frameworks";
			outputPaths = (
			);
			runOnlyForDeploymentPostprocessing = 0;
			shellPath = /bin/sh;
			shellScript = "\"${SRCROOT}/Pods/Target Support Files/Pods-CurrencyConverterUITests/Pods-CurrencyConverterUITests-frameworks.sh\"\n";
			showEnvVarsInLog = 0;
		};
		D87923A32B3D1AC103B3ED78 /* [CP] Check Pods Manifest.lock */ = {
			isa = PBXShellScriptBuildPhase;
			buildActionMask = 2147483647;
			files = (
			);
			inputPaths = (
				"${PODS_PODFILE_DIR_PATH}/Podfile.lock",
				"${PODS_ROOT}/Manifest.lock",
			);
			name = "[CP] Check Pods Manifest.lock";
			outputPaths = (
				"$(DERIVED_FILE_DIR)/Pods-CurrencyConverter-checkManifestLockResult.txt",
			);
			runOnlyForDeploymentPostprocessing = 0;
			shellPath = /bin/sh;
			shellScript = "diff \"${PODS_PODFILE_DIR_PATH}/Podfile.lock\" \"${PODS_ROOT}/Manifest.lock\" > /dev/null\nif [ $? != 0 ] ; then\n    # print error to STDERR\n    echo \"error: The sandbox is not in sync with the Podfile.lock. Run 'pod install' or update your CocoaPods installation.\" >&2\n    exit 1\nfi\n# This output is used by Xcode 'outputs' to avoid re-running this script phase.\necho \"SUCCESS\" > \"${SCRIPT_OUTPUT_FILE_0}\"\n";
			showEnvVarsInLog = 0;
		};
/* End PBXShellScriptBuildPhase section */

/* Begin PBXSourcesBuildPhase section */
		43C6A5311FA7DD5E0050A27A /* Sources */ = {
			isa = PBXSourcesBuildPhase;
			buildActionMask = 2147483647;
			files = (
				43C6A53B1FA7DD5E0050A27A /* CalculatorViewController.swift in Sources */,
				43C6A5391FA7DD5E0050A27A /* AppDelegate.swift in Sources */,
				F110F3A11FB15B8300DCDD3B /* CurrencyViewController.swift in Sources */,
				F1403D1E1FA93E1E004EB43A /* CoreDataStack.swift in Sources */,
				F1403D1F1FA93E1E004EB43A /* Currency.swift in Sources */,
				F14728A41FAAB21E0002C224 /* CurrencyModel.xcdatamodeld in Sources */,
			);
			runOnlyForDeploymentPostprocessing = 0;
		};
		43C6A5481FA7DD5E0050A27A /* Sources */ = {
			isa = PBXSourcesBuildPhase;
			buildActionMask = 2147483647;
			files = (
				43C6A5511FA7DD5E0050A27A /* CurrencyConverterTests.swift in Sources */,
			);
			runOnlyForDeploymentPostprocessing = 0;
		};
		43C6A5531FA7DD5E0050A27A /* Sources */ = {
			isa = PBXSourcesBuildPhase;
			buildActionMask = 2147483647;
			files = (
				43C6A55C1FA7DD5E0050A27A /* CurrencyConverterUITests.swift in Sources */,
			);
			runOnlyForDeploymentPostprocessing = 0;
		};
/* End PBXSourcesBuildPhase section */

/* Begin PBXTargetDependency section */
		43C6A54E1FA7DD5E0050A27A /* PBXTargetDependency */ = {
			isa = PBXTargetDependency;
			target = 43C6A5341FA7DD5E0050A27A /* CurrencyConverter */;
			targetProxy = 43C6A54D1FA7DD5E0050A27A /* PBXContainerItemProxy */;
		};
		43C6A5591FA7DD5E0050A27A /* PBXTargetDependency */ = {
			isa = PBXTargetDependency;
			target = 43C6A5341FA7DD5E0050A27A /* CurrencyConverter */;
			targetProxy = 43C6A5581FA7DD5E0050A27A /* PBXContainerItemProxy */;
		};
/* End PBXTargetDependency section */

/* Begin PBXVariantGroup section */
		43C6A53C1FA7DD5E0050A27A /* Main.storyboard */ = {
			isa = PBXVariantGroup;
			children = (
				43C6A53D1FA7DD5E0050A27A /* Base */,
			);
			name = Main.storyboard;
			sourceTree = "<group>";
		};
		43C6A5441FA7DD5E0050A27A /* LaunchScreen.storyboard */ = {
			isa = PBXVariantGroup;
			children = (
				43C6A5451FA7DD5E0050A27A /* Base */,
			);
			name = LaunchScreen.storyboard;
			sourceTree = "<group>";
		};
/* End PBXVariantGroup section */

/* Begin XCBuildConfiguration section */
		43C6A55E1FA7DD5E0050A27A /* Debug */ = {
			isa = XCBuildConfiguration;
			buildSettings = {
				ALWAYS_SEARCH_USER_PATHS = NO;
				CLANG_ANALYZER_NONNULL = YES;
				CLANG_ANALYZER_NUMBER_OBJECT_CONVERSION = YES_AGGRESSIVE;
				CLANG_CXX_LANGUAGE_STANDARD = "gnu++14";
				CLANG_CXX_LIBRARY = "libc++";
				CLANG_ENABLE_MODULES = YES;
				CLANG_ENABLE_OBJC_ARC = YES;
				CLANG_WARN_BLOCK_CAPTURE_AUTORELEASING = YES;
				CLANG_WARN_BOOL_CONVERSION = YES;
				CLANG_WARN_COMMA = YES;
				CLANG_WARN_CONSTANT_CONVERSION = YES;
				CLANG_WARN_DIRECT_OBJC_ISA_USAGE = YES_ERROR;
				CLANG_WARN_DOCUMENTATION_COMMENTS = YES;
				CLANG_WARN_EMPTY_BODY = YES;
				CLANG_WARN_ENUM_CONVERSION = YES;
				CLANG_WARN_INFINITE_RECURSION = YES;
				CLANG_WARN_INT_CONVERSION = YES;
				CLANG_WARN_NON_LITERAL_NULL_CONVERSION = YES;
				CLANG_WARN_OBJC_LITERAL_CONVERSION = YES;
				CLANG_WARN_OBJC_ROOT_CLASS = YES_ERROR;
				CLANG_WARN_RANGE_LOOP_ANALYSIS = YES;
				CLANG_WARN_STRICT_PROTOTYPES = YES;
				CLANG_WARN_SUSPICIOUS_MOVE = YES;
				CLANG_WARN_UNGUARDED_AVAILABILITY = YES_AGGRESSIVE;
				CLANG_WARN_UNREACHABLE_CODE = YES;
				CLANG_WARN__DUPLICATE_METHOD_MATCH = YES;
				CODE_SIGN_IDENTITY = "iPhone Developer";
				COPY_PHASE_STRIP = NO;
				DEBUG_INFORMATION_FORMAT = dwarf;
				ENABLE_STRICT_OBJC_MSGSEND = YES;
				ENABLE_TESTABILITY = YES;
				GCC_C_LANGUAGE_STANDARD = gnu11;
				GCC_DYNAMIC_NO_PIC = NO;
				GCC_NO_COMMON_BLOCKS = YES;
				GCC_OPTIMIZATION_LEVEL = 0;
				GCC_PREPROCESSOR_DEFINITIONS = (
					"DEBUG=1",
					"$(inherited)",
				);
				GCC_WARN_64_TO_32_BIT_CONVERSION = YES;
				GCC_WARN_ABOUT_RETURN_TYPE = YES_ERROR;
				GCC_WARN_UNDECLARED_SELECTOR = YES;
				GCC_WARN_UNINITIALIZED_AUTOS = YES_AGGRESSIVE;
				GCC_WARN_UNUSED_FUNCTION = YES;
				GCC_WARN_UNUSED_VARIABLE = YES;
				IPHONEOS_DEPLOYMENT_TARGET = 11.0;
				MTL_ENABLE_DEBUG_INFO = YES;
				ONLY_ACTIVE_ARCH = YES;
				SDKROOT = iphoneos;
				SWIFT_ACTIVE_COMPILATION_CONDITIONS = DEBUG;
				SWIFT_OPTIMIZATION_LEVEL = "-Onone";
			};
			name = Debug;
		};
		43C6A55F1FA7DD5E0050A27A /* Release */ = {
			isa = XCBuildConfiguration;
			buildSettings = {
				ALWAYS_SEARCH_USER_PATHS = NO;
				CLANG_ANALYZER_NONNULL = YES;
				CLANG_ANALYZER_NUMBER_OBJECT_CONVERSION = YES_AGGRESSIVE;
				CLANG_CXX_LANGUAGE_STANDARD = "gnu++14";
				CLANG_CXX_LIBRARY = "libc++";
				CLANG_ENABLE_MODULES = YES;
				CLANG_ENABLE_OBJC_ARC = YES;
				CLANG_WARN_BLOCK_CAPTURE_AUTORELEASING = YES;
				CLANG_WARN_BOOL_CONVERSION = YES;
				CLANG_WARN_COMMA = YES;
				CLANG_WARN_CONSTANT_CONVERSION = YES;
				CLANG_WARN_DIRECT_OBJC_ISA_USAGE = YES_ERROR;
				CLANG_WARN_DOCUMENTATION_COMMENTS = YES;
				CLANG_WARN_EMPTY_BODY = YES;
				CLANG_WARN_ENUM_CONVERSION = YES;
				CLANG_WARN_INFINITE_RECURSION = YES;
				CLANG_WARN_INT_CONVERSION = YES;
				CLANG_WARN_NON_LITERAL_NULL_CONVERSION = YES;
				CLANG_WARN_OBJC_LITERAL_CONVERSION = YES;
				CLANG_WARN_OBJC_ROOT_CLASS = YES_ERROR;
				CLANG_WARN_RANGE_LOOP_ANALYSIS = YES;
				CLANG_WARN_STRICT_PROTOTYPES = YES;
				CLANG_WARN_SUSPICIOUS_MOVE = YES;
				CLANG_WARN_UNGUARDED_AVAILABILITY = YES_AGGRESSIVE;
				CLANG_WARN_UNREACHABLE_CODE = YES;
				CLANG_WARN__DUPLICATE_METHOD_MATCH = YES;
				CODE_SIGN_IDENTITY = "iPhone Developer";
				COPY_PHASE_STRIP = NO;
				DEBUG_INFORMATION_FORMAT = "dwarf-with-dsym";
				ENABLE_NS_ASSERTIONS = NO;
				ENABLE_STRICT_OBJC_MSGSEND = YES;
				GCC_C_LANGUAGE_STANDARD = gnu11;
				GCC_NO_COMMON_BLOCKS = YES;
				GCC_WARN_64_TO_32_BIT_CONVERSION = YES;
				GCC_WARN_ABOUT_RETURN_TYPE = YES_ERROR;
				GCC_WARN_UNDECLARED_SELECTOR = YES;
				GCC_WARN_UNINITIALIZED_AUTOS = YES_AGGRESSIVE;
				GCC_WARN_UNUSED_FUNCTION = YES;
				GCC_WARN_UNUSED_VARIABLE = YES;
				IPHONEOS_DEPLOYMENT_TARGET = 11.0;
				MTL_ENABLE_DEBUG_INFO = NO;
				SDKROOT = iphoneos;
				SWIFT_OPTIMIZATION_LEVEL = "-Owholemodule";
				VALIDATE_PRODUCT = YES;
			};
			name = Release;
		};
		43C6A5611FA7DD5E0050A27A /* Debug */ = {
			isa = XCBuildConfiguration;
			baseConfigurationReference = 4FFDF457B3D9B72785682443 /* Pods-CurrencyConverter.debug.xcconfig */;
			buildSettings = {
				ASSETCATALOG_COMPILER_APPICON_NAME = AppIcon;
				"CODE_SIGN_IDENTITY[sdk=iphoneos*]" = "iPhone Developer";
				CODE_SIGN_STYLE = Manual;
				DEVELOPMENT_TEAM = "";
				INFOPLIST_FILE = CurrencyConverter/Info.plist;
				LD_RUNPATH_SEARCH_PATHS = "$(inherited) @executable_path/Frameworks";
				PRODUCT_BUNDLE_IDENTIFIER = CurrencyConverter;
				PRODUCT_NAME = "$(TARGET_NAME)";
				PROVISIONING_PROFILE_SPECIFIER = "";
				SWIFT_VERSION = 4.0;
				TARGETED_DEVICE_FAMILY = "1,2";
			};
			name = Debug;
		};
		43C6A5621FA7DD5E0050A27A /* Release */ = {
			isa = XCBuildConfiguration;
			baseConfigurationReference = 1C6CB28B342A91559789A12E /* Pods-CurrencyConverter.release.xcconfig */;
			buildSettings = {
				ASSETCATALOG_COMPILER_APPICON_NAME = AppIcon;
				"CODE_SIGN_IDENTITY[sdk=iphoneos*]" = "iPhone Developer";
				CODE_SIGN_STYLE = Manual;
				DEVELOPMENT_TEAM = "";
				INFOPLIST_FILE = CurrencyConverter/Info.plist;
				LD_RUNPATH_SEARCH_PATHS = "$(inherited) @executable_path/Frameworks";
				PRODUCT_BUNDLE_IDENTIFIER = CurrencyConverter;
				PRODUCT_NAME = "$(TARGET_NAME)";
				PROVISIONING_PROFILE_SPECIFIER = "";
				SWIFT_VERSION = 4.0;
				TARGETED_DEVICE_FAMILY = "1,2";
			};
			name = Release;
		};
		43C6A5641FA7DD5E0050A27A /* Debug */ = {
			isa = XCBuildConfiguration;
			baseConfigurationReference = 592D1B37D98EB6759545E09E /* Pods-CurrencyConverterTests.debug.xcconfig */;
			buildSettings = {
				ALWAYS_EMBED_SWIFT_STANDARD_LIBRARIES = YES;
				BUNDLE_LOADER = "$(TEST_HOST)";
				CODE_SIGN_STYLE = Automatic;
				INFOPLIST_FILE = CurrencyConverterTests/Info.plist;
				LD_RUNPATH_SEARCH_PATHS = "$(inherited) @executable_path/Frameworks @loader_path/Frameworks";
				PRODUCT_BUNDLE_IDENTIFIER = "ID-1494933.CurrencyConverterTests";
				PRODUCT_NAME = "$(TARGET_NAME)";
				SWIFT_VERSION = 4.0;
				TARGETED_DEVICE_FAMILY = "1,2";
				TEST_HOST = "$(BUILT_PRODUCTS_DIR)/CurrencyConverter.app/CurrencyConverter";
			};
			name = Debug;
		};
		43C6A5651FA7DD5E0050A27A /* Release */ = {
			isa = XCBuildConfiguration;
			baseConfigurationReference = 4B806DC694B32B01581AC2E0 /* Pods-CurrencyConverterTests.release.xcconfig */;
			buildSettings = {
				ALWAYS_EMBED_SWIFT_STANDARD_LIBRARIES = YES;
				BUNDLE_LOADER = "$(TEST_HOST)";
				CODE_SIGN_STYLE = Automatic;
				INFOPLIST_FILE = CurrencyConverterTests/Info.plist;
				LD_RUNPATH_SEARCH_PATHS = "$(inherited) @executable_path/Frameworks @loader_path/Frameworks";
				PRODUCT_BUNDLE_IDENTIFIER = "ID-1494933.CurrencyConverterTests";
				PRODUCT_NAME = "$(TARGET_NAME)";
				SWIFT_VERSION = 4.0;
				TARGETED_DEVICE_FAMILY = "1,2";
				TEST_HOST = "$(BUILT_PRODUCTS_DIR)/CurrencyConverter.app/CurrencyConverter";
			};
			name = Release;
		};
		43C6A5671FA7DD5E0050A27A /* Debug */ = {
			isa = XCBuildConfiguration;
			baseConfigurationReference = 901EB73D9FE4105529C65631 /* Pods-CurrencyConverterUITests.debug.xcconfig */;
			buildSettings = {
				ALWAYS_EMBED_SWIFT_STANDARD_LIBRARIES = YES;
				CODE_SIGN_STYLE = Automatic;
				INFOPLIST_FILE = CurrencyConverterUITests/Info.plist;
				LD_RUNPATH_SEARCH_PATHS = "$(inherited) @executable_path/Frameworks @loader_path/Frameworks";
				PRODUCT_BUNDLE_IDENTIFIER = "ID-1494933.CurrencyConverterUITests";
				PRODUCT_NAME = "$(TARGET_NAME)";
				SWIFT_VERSION = 4.0;
				TARGETED_DEVICE_FAMILY = "1,2";
				TEST_TARGET_NAME = CurrencyConverter;
			};
			name = Debug;
		};
		43C6A5681FA7DD5E0050A27A /* Release */ = {
			isa = XCBuildConfiguration;
			baseConfigurationReference = 1E7B1FFA24B0E3E0065475E1 /* Pods-CurrencyConverterUITests.release.xcconfig */;
			buildSettings = {
				ALWAYS_EMBED_SWIFT_STANDARD_LIBRARIES = YES;
				CODE_SIGN_STYLE = Automatic;
				INFOPLIST_FILE = CurrencyConverterUITests/Info.plist;
				LD_RUNPATH_SEARCH_PATHS = "$(inherited) @executable_path/Frameworks @loader_path/Frameworks";
				PRODUCT_BUNDLE_IDENTIFIER = "ID-1494933.CurrencyConverterUITests";
				PRODUCT_NAME = "$(TARGET_NAME)";
				SWIFT_VERSION = 4.0;
				TARGETED_DEVICE_FAMILY = "1,2";
				TEST_TARGET_NAME = CurrencyConverter;
			};
			name = Release;
		};
/* End XCBuildConfiguration section */

/* Begin XCConfigurationList section */
		43C6A5301FA7DD5E0050A27A /* Build configuration list for PBXProject "CurrencyConverter" */ = {
			isa = XCConfigurationList;
			buildConfigurations = (
				43C6A55E1FA7DD5E0050A27A /* Debug */,
				43C6A55F1FA7DD5E0050A27A /* Release */,
			);
			defaultConfigurationIsVisible = 0;
			defaultConfigurationName = Release;
		};
		43C6A5601FA7DD5E0050A27A /* Build configuration list for PBXNativeTarget "CurrencyConverter" */ = {
			isa = XCConfigurationList;
			buildConfigurations = (
				43C6A5611FA7DD5E0050A27A /* Debug */,
				43C6A5621FA7DD5E0050A27A /* Release */,
			);
			defaultConfigurationIsVisible = 0;
			defaultConfigurationName = Release;
		};
		43C6A5631FA7DD5E0050A27A /* Build configuration list for PBXNativeTarget "CurrencyConverterTests" */ = {
			isa = XCConfigurationList;
			buildConfigurations = (
				43C6A5641FA7DD5E0050A27A /* Debug */,
				43C6A5651FA7DD5E0050A27A /* Release */,
			);
			defaultConfigurationIsVisible = 0;
			defaultConfigurationName = Release;
		};
		43C6A5661FA7DD5E0050A27A /* Build configuration list for PBXNativeTarget "CurrencyConverterUITests" */ = {
			isa = XCConfigurationList;
			buildConfigurations = (
				43C6A5671FA7DD5E0050A27A /* Debug */,
				43C6A5681FA7DD5E0050A27A /* Release */,
			);
			defaultConfigurationIsVisible = 0;
			defaultConfigurationName = Release;
		};
/* End XCConfigurationList section */

/* Begin XCVersionGroup section */
		F14728A21FAAB21D0002C224 /* CurrencyModel.xcdatamodeld */ = {
			isa = XCVersionGroup;
			children = (
				F14728A31FAAB21D0002C224 /* Rates.xcdatamodel */,
			);
			currentVersion = F14728A31FAAB21D0002C224 /* Rates.xcdatamodel */;
			path = CurrencyModel.xcdatamodeld;
			sourceTree = "<group>";
			versionGroupType = wrapper.xcdatamodel;
		};
/* End XCVersionGroup section */
	};
	rootObject = 43C6A52D1FA7DD5E0050A27A /* Project object */;
}
